{
    "_readme": [
        "This file locks the dependencies of your project to a known state",
        "Read more about it at https://getcomposer.org/doc/01-basic-usage.md#composer-lock-the-lock-file",
        "This file is @generated automatically"
    ],
    "hash": "24ee773c67bc98392fd42e0249415389",
    "content-hash": "278201c2ff84c181e06245c6eb5c2b9b",
    "packages": [
        {
            "name": "fergusean/nusoap",
            "version": "0.9.5",
            "source": {
                "type": "git",
                "url": "https://github.com/fergusean/nusoap.git",
                "reference": "463c772ae805aed7f396d89e6dce1dc0ce4c038b"
            },
            "dist": {
                "type": "zip",
                "url": "https://api.github.com/repos/fergusean/nusoap/zipball/463c772ae805aed7f396d89e6dce1dc0ce4c038b",
                "reference": "463c772ae805aed7f396d89e6dce1dc0ce4c038b",
                "shasum": ""
            },
            "type": "library",
            "autoload": {
                "classmap": [
                    "lib/"
                ]
            },
            "notification-url": "https://packagist.org/downloads/",
            "license": [
                "LGPLv2"
            ],
            "authors": [
                {
                    "name": "Dietrich Ayala",
                    "homepage": "http://sourceforge.net/u/dietricha/profile/"
                },
                {
                    "name": "Scott Nichol",
                    "homepage": "http://sourceforge.net/u/snichol/profile/"
                }
            ],
            "description": "NuSOAP re-packaged for Packagist/Composer",
            "time": "2014-05-19 03:44:33"
        }
    ],
    "packages-dev": [],
    "aliases": [],
    "minimum-stability": "stable",
    "stability-flags": [],
    "prefer-stable": false,
    "prefer-lowest": false,
    "platform": [],
    "platform-dev": []
}
